
Microsoft Visual Studio Solution File, Format Version 12.00
# Visual Studio Version 16
VisualStudioVersion = 16.0.28803.352
MinimumVisualStudioVersion = 10.0.40219.1
Project("{F184B08F-C81C-45F6-A57F-5ABD9991F28F}") = "AppUTN", "AppUTN.vbproj", "{CDFB74B7-11BE-41F2-8A2A-A3B518DA7F88}"
EndProject
Global
	GlobalSection(SolutionConfigurationPlatforms) = preSolution
		Debug|Any CPU = Debug|Any CPU
		Release|Any CPU = Release|Any CPU
	EndGlobalSection
	GlobalSection(ProjectConfigurationPlatforms) = postSolution
		{CDFB74B7-11BE-41F2-8A2A-A3B518DA7F88}.Debug|Any CPU.ActiveCfg = Debug|Any CPU
		{CDFB74B7-11BE-41F2-8A2A-A3B518DA7F88}.Debug|Any CPU.Build.0 = Debug|Any CPU
		{CDFB74B7-11BE-41F2-8A2A-A3B518DA7F88}.Release|Any CPU.ActiveCfg = Release|Any CPU
		{CDFB74B7-11BE-41F2-8A2A-A3B518DA7F88}.Release|Any CPU.Build.0 = Release|Any CPU
	EndGlobalSection
	GlobalSection(SolutionProperties) = preSolution
		HideSolutionNode = FALSE
	EndGlobalSection
	GlobalSection(ExtensibilityGlobals) = postSolution
		SolutionGuid = {65399658-FF29-4A9F-9E5A-8E78BAF6D4CE}
	EndGlobalSection
EndGlobal
